
Microsoft Visual Studio Solution File, Format Version 12.00
# Visual Studio Version 17
VisualStudioVersion = 17.5.002.0
MinimumVisualStudioVersion = 10.0.40219.1
Project("{9A19103F-16F7-4668-BE54-9A1E7A4F7556}") = "ProjectC#", "ProjectC#.csproj", "{49DDD180-0501-4AED-95FB-67B68B96ECC7}"
EndProject
Global
	GlobalSection(SolutionConfigurationPlatforms) = preSolution
		Debug|Any CPU = Debug|Any CPU
		Release|Any CPU = Release|Any CPU
	EndGlobalSection
	GlobalSection(ProjectConfigurationPlatforms) = postSolution
		{49DDD180-0501-4AED-95FB-67B68B96ECC7}.Debug|Any CPU.ActiveCfg = Debug|Any CPU
		{49DDD180-0501-4AED-95FB-67B68B96ECC7}.Debug|Any CPU.Build.0 = Debug|Any CPU
		{49DDD180-0501-4AED-95FB-67B68B96ECC7}.Release|Any CPU.ActiveCfg = Release|Any CPU
		{49DDD180-0501-4AED-95FB-67B68B96ECC7}.Release|Any CPU.Build.0 = Release|Any CPU
	EndGlobalSection
	GlobalSection(SolutionProperties) = preSolution
		HideSolutionNode = FALSE
	EndGlobalSection
	GlobalSection(ExtensibilityGlobals) = postSolution
		SolutionGuid = {C200F2CB-5EDF-429F-970A-C0A01ACEFFEF}
	EndGlobalSection
EndGlobal
